
Microsoft Visual Studio Solution File, Format Version 12.00
# Visual Studio Version 17
VisualStudioVersion = 17.13.35931.197 d17.13
MinimumVisualStudioVersion = 10.0.40219.1
Project("{FAE04EC0-301F-11D3-BF4B-00C04F79EFBC}") = "QuanLyDiemRenLuyen", "QuanLyDiemRenLuyen\QuanLyDiemRenLuyen.csproj", "{C195F3E3-C425-4FFB-9327-7C4281E25FAE}"
EndProject
Global
	GlobalSection(SolutionConfigurationPlatforms) = preSolution
		Debug|Any CPU = Debug|Any CPU
		Release|Any CPU = Release|Any CPU
	EndGlobalSection
	GlobalSection(ProjectConfigurationPlatforms) = postSolution
		{C195F3E3-C425-4FFB-9327-7C4281E25FAE}.Debug|Any CPU.ActiveCfg = Debug|Any CPU
		{C195F3E3-C425-4FFB-9327-7C4281E25FAE}.Debug|Any CPU.Build.0 = Debug|Any CPU
		{C195F3E3-C425-4FFB-9327-7C4281E25FAE}.Release|Any CPU.ActiveCfg = Release|Any CPU
		{C195F3E3-C425-4FFB-9327-7C4281E25FAE}.Release|Any CPU.Build.0 = Release|Any CPU
	EndGlobalSection
	GlobalSection(SolutionProperties) = preSolution
		HideSolutionNode = FALSE
	EndGlobalSection
	GlobalSection(ExtensibilityGlobals) = postSolution
		SolutionGuid = {A0B52228-FF00-4DAE-BDCA-ABEEF572099B}
	EndGlobalSection
EndGlobal
