Microsoft Visual Studio Solution File, Format Version 12.00
# Visual Studio Version 17
VisualStudioVersion = 17.5.2.0
MinimumVisualStudioVersion = 10.0.40219.1
Project("{FAE04EC0-301F-11D3-BF4B-00C04F79EFBC}") = "QuanLyDiemRenLuyen", "QuanLyDiemRenLuyen.csproj", "{AF24A5FA-7F43-42F8-9FEF-7E0CFE6058EE}"
EndProject
Global
	GlobalSection(SolutionConfigurationPlatforms) = preSolution
		Debug|Any CPU = Debug|Any CPU
		Release|Any CPU = Release|Any CPU
	EndGlobalSection
	GlobalSection(ProjectConfigurationPlatforms) = postSolution
		{AF24A5FA-7F43-42F8-9FEF-7E0CFE6058EE}.Debug|Any CPU.ActiveCfg = Debug|Any CPU
		{AF24A5FA-7F43-42F8-9FEF-7E0CFE6058EE}.Debug|Any CPU.Build.0 = Debug|Any CPU
		{AF24A5FA-7F43-42F8-9FEF-7E0CFE6058EE}.Release|Any CPU.ActiveCfg = Release|Any CPU
		{AF24A5FA-7F43-42F8-9FEF-7E0CFE6058EE}.Release|Any CPU.Build.0 = Release|Any CPU
	EndGlobalSection
	GlobalSection(SolutionProperties) = preSolution
		HideSolutionNode = FALSE
	EndGlobalSection
	GlobalSection(ExtensibilityGlobals) = postSolution
		SolutionGuid = {4E47DEAE-829B-4DB2-8F2B-468E6E2AE415}
	EndGlobalSection
EndGlobal
